
Microsoft Visual Studio Solution File, Format Version 12.00
# Visual Studio Version 17
VisualStudioVersion = 17.0.31903.59
MinimumVisualStudioVersion = 10.0.40219.1
Project("{2150E333-8FDC-42A3-9474-1A3956D46DE8}") = "shared", "shared", "{96E6C433-540A-4BC6-827E-ED5F00B6F2BF}"
EndProject
Project("{FAE04EC0-301F-11D3-BF4B-00C04F79EFBC}") = "RobRef.DDD.Application", "shared\RobRef.DDD.Application\RobRef.DDD.Application.csproj", "{1A40013E-58CF-483A-AFB0-0DC712B05D61}"
EndProject
Project("{2150E333-8FDC-42A3-9474-1A3956D46DE8}") = "tests", "tests", "{C76D1FC9-DC56-48E4-95FC-701CDFECB1CD}"
EndProject
Project("{FAE04EC0-301F-11D3-BF4B-00C04F79EFBC}") = "RobRef.DDD.Architecture.Tests", "tests\RobRef.DDD.Architecture.Tests\RobRef.DDD.Architecture.Tests.csproj", "{D40CD705-16F8-4346-8624-FBBC8FAE6571}"
EndProject
Project("{2150E333-8FDC-42A3-9474-1A3956D46DE8}") = "bounded-contexts", "bounded-contexts", "{78657820-E899-4FBD-83A0-9F8620A3C323}"
EndProject
Project("{2150E333-8FDC-42A3-9474-1A3956D46DE8}") = "users", "users", "{95B2FF25-626B-4217-BADC-63C485228A91}"
EndProject
Project("{2150E333-8FDC-42A3-9474-1A3956D46DE8}") = "src", "src", "{931304D7-35E8-4123-A572-34C61DD32AE8}"
EndProject
Project("{FAE04EC0-301F-11D3-BF4B-00C04F79EFBC}") = "RobRef.DDD.Users.Domain", "bounded-contexts\users\src\RobRef.DDD.Users.Domain\RobRef.DDD.Users.Domain.csproj", "{6B740B41-42F7-4EEF-B024-ADA48BE1EB9A}"
EndProject
Project("{FAE04EC0-301F-11D3-BF4B-00C04F79EFBC}") = "RobRef.DDD.Users.Application", "bounded-contexts\users\src\RobRef.DDD.Users.Application\RobRef.DDD.Users.Application.csproj", "{4FC1A87D-71F1-4411-A53E-706646125D53}"
EndProject
Project("{FAE04EC0-301F-11D3-BF4B-00C04F79EFBC}") = "RobRef.DDD.Users.Infrastructure", "bounded-contexts\users\src\RobRef.DDD.Users.Infrastructure\RobRef.DDD.Users.Infrastructure.csproj", "{22AC8368-C383-4210-990A-21E25579DCAE}"
EndProject
Project("{FAE04EC0-301F-11D3-BF4B-00C04F79EFBC}") = "RobRef.DDD.Users.WebApi", "bounded-contexts\users\src\RobRef.DDD.Users.WebApi\RobRef.DDD.Users.WebApi.csproj", "{D4DCA19F-72AB-4D11-A966-65D13E086948}"
EndProject
Project("{2150E333-8FDC-42A3-9474-1A3956D46DE8}") = "tests", "tests", "{31C9A55F-3214-436E-97E8-8E3EE04B65D8}"
EndProject
Project("{FAE04EC0-301F-11D3-BF4B-00C04F79EFBC}") = "RobRef.DDD.Users.Domain.Tests", "bounded-contexts\users\tests\RobRef.DDD.Users.Domain.Tests\RobRef.DDD.Users.Domain.Tests.csproj", "{3F88D15C-AB4B-43C2-90D4-39845246ED63}"
EndProject
Project("{FAE04EC0-301F-11D3-BF4B-00C04F79EFBC}") = "RobRef.DDD.Users.Application.Tests", "bounded-contexts\users\tests\RobRef.DDD.Users.Application.Tests\RobRef.DDD.Users.Application.Tests.csproj", "{3406A6DF-DF13-4587-BAAC-8A4718A84051}"
EndProject
Project("{FAE04EC0-301F-11D3-BF4B-00C04F79EFBC}") = "RobRef.DDD.Users.Infrastructure.Tests", "bounded-contexts\users\tests\RobRef.DDD.Users.Infrastructure.Tests\RobRef.DDD.Users.Infrastructure.Tests.csproj", "{FD431320-0782-4EFC-BB67-AA59F8306B1E}"
EndProject
Project("{FAE04EC0-301F-11D3-BF4B-00C04F79EFBC}") = "RobRef.DDD.Users.WebApi.Tests", "bounded-contexts\users\tests\RobRef.DDD.Users.WebApi.Tests\RobRef.DDD.Users.WebApi.Tests.csproj", "{AFD5CA72-9090-4453-A150-4010CABEF227}"
EndProject
Project("{2150E333-8FDC-42A3-9474-1A3956D46DE8}") = "products", "products", "{77B68A7E-506B-4EFF-A531-7DB6ECE07B12}"
EndProject
Project("{2150E333-8FDC-42A3-9474-1A3956D46DE8}") = "src", "src", "{5F508E9A-8FC8-4C72-931F-2B31D62B3105}"
EndProject
Project("{FAE04EC0-301F-11D3-BF4B-00C04F79EFBC}") = "RobRef.DDD.Products.Domain", "bounded-contexts\products\src\RobRef.DDD.Products.Domain\RobRef.DDD.Products.Domain.csproj", "{48485CFA-896D-426A-B3D6-2548856C3991}"
EndProject
Project("{2150E333-8FDC-42A3-9474-1A3956D46DE8}") = "tests", "tests", "{C8D4D4DA-1373-4EF1-9F2C-0DE0924E6A64}"
EndProject
Project("{FAE04EC0-301F-11D3-BF4B-00C04F79EFBC}") = "RobRef.DDD.Products.Domain.Tests", "bounded-contexts\products\tests\RobRef.DDD.Products.Domain.Tests\RobRef.DDD.Products.Domain.Tests.csproj", "{CBD2C778-8557-4AA6-A708-F30E9958879A}"
EndProject
Global
	GlobalSection(SolutionConfigurationPlatforms) = preSolution
		Debug|Any CPU = Debug|Any CPU
		Release|Any CPU = Release|Any CPU
	EndGlobalSection
	GlobalSection(SolutionProperties) = preSolution
		HideSolutionNode = FALSE
	EndGlobalSection
	GlobalSection(ProjectConfigurationPlatforms) = postSolution
		{1A40013E-58CF-483A-AFB0-0DC712B05D61}.Debug|Any CPU.ActiveCfg = Debug|Any CPU
		{1A40013E-58CF-483A-AFB0-0DC712B05D61}.Debug|Any CPU.Build.0 = Debug|Any CPU
		{1A40013E-58CF-483A-AFB0-0DC712B05D61}.Release|Any CPU.ActiveCfg = Release|Any CPU
		{1A40013E-58CF-483A-AFB0-0DC712B05D61}.Release|Any CPU.Build.0 = Release|Any CPU
		{D40CD705-16F8-4346-8624-FBBC8FAE6571}.Debug|Any CPU.ActiveCfg = Debug|Any CPU
		{D40CD705-16F8-4346-8624-FBBC8FAE6571}.Debug|Any CPU.Build.0 = Debug|Any CPU
		{D40CD705-16F8-4346-8624-FBBC8FAE6571}.Release|Any CPU.ActiveCfg = Release|Any CPU
		{D40CD705-16F8-4346-8624-FBBC8FAE6571}.Release|Any CPU.Build.0 = Release|Any CPU
		{6B740B41-42F7-4EEF-B024-ADA48BE1EB9A}.Debug|Any CPU.ActiveCfg = Debug|Any CPU
		{6B740B41-42F7-4EEF-B024-ADA48BE1EB9A}.Debug|Any CPU.Build.0 = Debug|Any CPU
		{6B740B41-42F7-4EEF-B024-ADA48BE1EB9A}.Release|Any CPU.ActiveCfg = Release|Any CPU
		{6B740B41-42F7-4EEF-B024-ADA48BE1EB9A}.Release|Any CPU.Build.0 = Release|Any CPU
		{4FC1A87D-71F1-4411-A53E-706646125D53}.Debug|Any CPU.ActiveCfg = Debug|Any CPU
		{4FC1A87D-71F1-4411-A53E-706646125D53}.Debug|Any CPU.Build.0 = Debug|Any CPU
		{4FC1A87D-71F1-4411-A53E-706646125D53}.Release|Any CPU.ActiveCfg = Release|Any CPU
		{4FC1A87D-71F1-4411-A53E-706646125D53}.Release|Any CPU.Build.0 = Release|Any CPU
		{22AC8368-C383-4210-990A-21E25579DCAE}.Debug|Any CPU.ActiveCfg = Debug|Any CPU
		{22AC8368-C383-4210-990A-21E25579DCAE}.Debug|Any CPU.Build.0 = Debug|Any CPU
		{22AC8368-C383-4210-990A-21E25579DCAE}.Release|Any CPU.ActiveCfg = Release|Any CPU
		{22AC8368-C383-4210-990A-21E25579DCAE}.Release|Any CPU.Build.0 = Release|Any CPU
		{D4DCA19F-72AB-4D11-A966-65D13E086948}.Debug|Any CPU.ActiveCfg = Debug|Any CPU
		{D4DCA19F-72AB-4D11-A966-65D13E086948}.Debug|Any CPU.Build.0 = Debug|Any CPU
		{D4DCA19F-72AB-4D11-A966-65D13E086948}.Release|Any CPU.ActiveCfg = Release|Any CPU
		{D4DCA19F-72AB-4D11-A966-65D13E086948}.Release|Any CPU.Build.0 = Release|Any CPU
		{3F88D15C-AB4B-43C2-90D4-39845246ED63}.Debug|Any CPU.ActiveCfg = Debug|Any CPU
		{3F88D15C-AB4B-43C2-90D4-39845246ED63}.Debug|Any CPU.Build.0 = Debug|Any CPU
		{3F88D15C-AB4B-43C2-90D4-39845246ED63}.Release|Any CPU.ActiveCfg = Release|Any CPU
		{3F88D15C-AB4B-43C2-90D4-39845246ED63}.Release|Any CPU.Build.0 = Release|Any CPU
		{3406A6DF-DF13-4587-BAAC-8A4718A84051}.Debug|Any CPU.ActiveCfg = Debug|Any CPU
		{3406A6DF-DF13-4587-BAAC-8A4718A84051}.Debug|Any CPU.Build.0 = Debug|Any CPU
		{3406A6DF-DF13-4587-BAAC-8A4718A84051}.Release|Any CPU.ActiveCfg = Release|Any CPU
		{3406A6DF-DF13-4587-BAAC-8A4718A84051}.Release|Any CPU.Build.0 = Release|Any CPU
		{FD431320-0782-4EFC-BB67-AA59F8306B1E}.Debug|Any CPU.ActiveCfg = Debug|Any CPU
		{FD431320-0782-4EFC-BB67-AA59F8306B1E}.Debug|Any CPU.Build.0 = Debug|Any CPU
		{FD431320-0782-4EFC-BB67-AA59F8306B1E}.Release|Any CPU.ActiveCfg = Release|Any CPU
		{FD431320-0782-4EFC-BB67-AA59F8306B1E}.Release|Any CPU.Build.0 = Release|Any CPU
		{AFD5CA72-9090-4453-A150-4010CABEF227}.Debug|Any CPU.ActiveCfg = Debug|Any CPU
		{AFD5CA72-9090-4453-A150-4010CABEF227}.Debug|Any CPU.Build.0 = Debug|Any CPU
		{AFD5CA72-9090-4453-A150-4010CABEF227}.Release|Any CPU.ActiveCfg = Release|Any CPU
		{AFD5CA72-9090-4453-A150-4010CABEF227}.Release|Any CPU.Build.0 = Release|Any CPU
		{48485CFA-896D-426A-B3D6-2548856C3991}.Debug|Any CPU.ActiveCfg = Debug|Any CPU
		{48485CFA-896D-426A-B3D6-2548856C3991}.Debug|Any CPU.Build.0 = Debug|Any CPU
		{48485CFA-896D-426A-B3D6-2548856C3991}.Release|Any CPU.ActiveCfg = Release|Any CPU
		{48485CFA-896D-426A-B3D6-2548856C3991}.Release|Any CPU.Build.0 = Release|Any CPU
		{CBD2C778-8557-4AA6-A708-F30E9958879A}.Debug|Any CPU.ActiveCfg = Debug|Any CPU
		{CBD2C778-8557-4AA6-A708-F30E9958879A}.Debug|Any CPU.Build.0 = Debug|Any CPU
		{CBD2C778-8557-4AA6-A708-F30E9958879A}.Release|Any CPU.ActiveCfg = Release|Any CPU
		{CBD2C778-8557-4AA6-A708-F30E9958879A}.Release|Any CPU.Build.0 = Release|Any CPU
	EndGlobalSection
	GlobalSection(NestedProjects) = preSolution
		{1A40013E-58CF-483A-AFB0-0DC712B05D61} = {96E6C433-540A-4BC6-827E-ED5F00B6F2BF}
		{D40CD705-16F8-4346-8624-FBBC8FAE6571} = {C76D1FC9-DC56-48E4-95FC-701CDFECB1CD}
		{95B2FF25-626B-4217-BADC-63C485228A91} = {78657820-E899-4FBD-83A0-9F8620A3C323}
		{931304D7-35E8-4123-A572-34C61DD32AE8} = {95B2FF25-626B-4217-BADC-63C485228A91}
		{6B740B41-42F7-4EEF-B024-ADA48BE1EB9A} = {931304D7-35E8-4123-A572-34C61DD32AE8}
		{4FC1A87D-71F1-4411-A53E-706646125D53} = {931304D7-35E8-4123-A572-34C61DD32AE8}
		{22AC8368-C383-4210-990A-21E25579DCAE} = {931304D7-35E8-4123-A572-34C61DD32AE8}
		{D4DCA19F-72AB-4D11-A966-65D13E086948} = {931304D7-35E8-4123-A572-34C61DD32AE8}
		{31C9A55F-3214-436E-97E8-8E3EE04B65D8} = {95B2FF25-626B-4217-BADC-63C485228A91}
		{3F88D15C-AB4B-43C2-90D4-39845246ED63} = {31C9A55F-3214-436E-97E8-8E3EE04B65D8}
		{3406A6DF-DF13-4587-BAAC-8A4718A84051} = {31C9A55F-3214-436E-97E8-8E3EE04B65D8}
		{FD431320-0782-4EFC-BB67-AA59F8306B1E} = {31C9A55F-3214-436E-97E8-8E3EE04B65D8}
		{AFD5CA72-9090-4453-A150-4010CABEF227} = {31C9A55F-3214-436E-97E8-8E3EE04B65D8}
		{77B68A7E-506B-4EFF-A531-7DB6ECE07B12} = {78657820-E899-4FBD-83A0-9F8620A3C323}
		{5F508E9A-8FC8-4C72-931F-2B31D62B3105} = {77B68A7E-506B-4EFF-A531-7DB6ECE07B12}
		{48485CFA-896D-426A-B3D6-2548856C3991} = {5F508E9A-8FC8-4C72-931F-2B31D62B3105}
		{C8D4D4DA-1373-4EF1-9F2C-0DE0924E6A64} = {77B68A7E-506B-4EFF-A531-7DB6ECE07B12}
		{CBD2C778-8557-4AA6-A708-F30E9958879A} = {C8D4D4DA-1373-4EF1-9F2C-0DE0924E6A64}
	EndGlobalSection
EndGlobal
