
Microsoft Visual Studio Solution File, Format Version 12.00
# Visual Studio Version 17
VisualStudioVersion = 17.0.31903.59
MinimumVisualStudioVersion = 10.0.40219.1
Project("{2150E333-8FDC-42A3-9474-1A3956D46DE8}") = "src", "src", "{15308ED3-8D4E-4188-896B-DE02B8F66553}"
EndProject
Project("{FAE04EC0-301F-11D3-BF4B-00C04F79EFBC}") = "UserDomain", "src\UserDomain\UserDomain.csproj", "{3E1F27F8-46B7-46BD-A2DA-D15EF9D5FDDB}"
EndProject
Project("{2150E333-8FDC-42A3-9474-1A3956D46DE8}") = "tests", "tests", "{1F1818FD-A6FD-4AD5-8D83-17DEB6A430EA}"
EndProject
Project("{FAE04EC0-301F-11D3-BF4B-00C04F79EFBC}") = "UserDomain.Tests", "tests\UserDomain.Tests\UserDomain.Tests.csproj", "{11DE6E9C-25BB-41E9-B550-ECADA0C61D87}"
EndProject
Global
	GlobalSection(SolutionConfigurationPlatforms) = preSolution
		Debug|Any CPU = Debug|Any CPU
		Release|Any CPU = Release|Any CPU
	EndGlobalSection
	GlobalSection(SolutionProperties) = preSolution
		HideSolutionNode = FALSE
	EndGlobalSection
	GlobalSection(ProjectConfigurationPlatforms) = postSolution
		{3E1F27F8-46B7-46BD-A2DA-D15EF9D5FDDB}.Debug|Any CPU.ActiveCfg = Debug|Any CPU
		{3E1F27F8-46B7-46BD-A2DA-D15EF9D5FDDB}.Debug|Any CPU.Build.0 = Debug|Any CPU
		{3E1F27F8-46B7-46BD-A2DA-D15EF9D5FDDB}.Release|Any CPU.ActiveCfg = Release|Any CPU
		{3E1F27F8-46B7-46BD-A2DA-D15EF9D5FDDB}.Release|Any CPU.Build.0 = Release|Any CPU
		{11DE6E9C-25BB-41E9-B550-ECADA0C61D87}.Debug|Any CPU.ActiveCfg = Debug|Any CPU
		{11DE6E9C-25BB-41E9-B550-ECADA0C61D87}.Debug|Any CPU.Build.0 = Debug|Any CPU
		{11DE6E9C-25BB-41E9-B550-ECADA0C61D87}.Release|Any CPU.ActiveCfg = Release|Any CPU
		{11DE6E9C-25BB-41E9-B550-ECADA0C61D87}.Release|Any CPU.Build.0 = Release|Any CPU
	EndGlobalSection
	GlobalSection(NestedProjects) = preSolution
		{3E1F27F8-46B7-46BD-A2DA-D15EF9D5FDDB} = {15308ED3-8D4E-4188-896B-DE02B8F66553}
		{11DE6E9C-25BB-41E9-B550-ECADA0C61D87} = {1F1818FD-A6FD-4AD5-8D83-17DEB6A430EA}
	EndGlobalSection
EndGlobal
