
Microsoft Visual Studio Solution File, Format Version 12.00
# Visual Studio Version 17
VisualStudioVersion = 17.0.31903.59
MinimumVisualStudioVersion = 10.0.40219.1
Project("{FAE04EC0-301F-11D3-BF4B-00C04F79EFBC}") = "AcmeStore.Domain", "AcmeStore.Domain\AcmeStore.Domain.csproj", "{14EFB852-E850-41FD-8DE1-65841E6FBBC3}"
EndProject
Project("{FAE04EC0-301F-11D3-BF4B-00C04F79EFBC}") = "AcmeStore.Domain.Tests", "..\tests\AcmeStore.Domain.Tests\AcmeStore.Domain.Tests.csproj", "{50356FD3-C691-47CD-9BA2-F980B2A06CC6}"
EndProject
Global
	GlobalSection(SolutionConfigurationPlatforms) = preSolution
		Debug|Any CPU = Debug|Any CPU
		Release|Any CPU = Release|Any CPU
	EndGlobalSection
	GlobalSection(SolutionProperties) = preSolution
		HideSolutionNode = FALSE
	EndGlobalSection
	GlobalSection(ProjectConfigurationPlatforms) = postSolution
		{14EFB852-E850-41FD-8DE1-65841E6FBBC3}.Debug|Any CPU.ActiveCfg = Debug|Any CPU
		{14EFB852-E850-41FD-8DE1-65841E6FBBC3}.Debug|Any CPU.Build.0 = Debug|Any CPU
		{14EFB852-E850-41FD-8DE1-65841E6FBBC3}.Release|Any CPU.ActiveCfg = Release|Any CPU
		{14EFB852-E850-41FD-8DE1-65841E6FBBC3}.Release|Any CPU.Build.0 = Release|Any CPU
		{50356FD3-C691-47CD-9BA2-F980B2A06CC6}.Debug|Any CPU.ActiveCfg = Debug|Any CPU
		{50356FD3-C691-47CD-9BA2-F980B2A06CC6}.Debug|Any CPU.Build.0 = Debug|Any CPU
		{50356FD3-C691-47CD-9BA2-F980B2A06CC6}.Release|Any CPU.ActiveCfg = Release|Any CPU
		{50356FD3-C691-47CD-9BA2-F980B2A06CC6}.Release|Any CPU.Build.0 = Release|Any CPU
	EndGlobalSection
EndGlobal
